// !$*UTF8*$!
{
	archiveVersion = 1;
	classes = {
	};
	objectVersion = 46;
	objects = {

/* Begin PBXBuildFile section */
		D688229D20584E15003A6D22 /* AppDelegate.m in Sources */ = {isa = PBXBuildFile; fileRef = D688229C20584E15003A6D22 /* AppDelegate.m */; };
		D68822A020584E15003A6D22 /* main.m in Sources */ = {isa = PBXBuildFile; fileRef = D688229F20584E15003A6D22 /* main.m */; };
		D68822A320584E15003A6D22 /* ViewController.m in Sources */ = {isa = PBXBuildFile; fileRef = D68822A220584E15003A6D22 /* ViewController.m */; };
		D68822A520584E15003A6D22 /* Assets.xcassets in Resources */ = {isa = PBXBuildFile; fileRef = D68822A420584E15003A6D22 /* Assets.xcassets */; };
		D68822A820584E15003A6D22 /* Main.storyboard in Resources */ = {isa = PBXBuildFile; fileRef = D68822A620584E15003A6D22 /* Main.storyboard */; };
/* End PBXBuildFile section */

/* Begin PBXFileReference section */
		D688229820584E15003A6D22 /* Protocol_ass3.app */ = {isa = PBXFileReference; explicitFileType = wrapper.application; includeInIndex = 0; path = Protocol_ass3.app; sourceTree = BUILT_PRODUCTS_DIR; };
		D688229B20584E15003A6D22 /* AppDelegate.h */ = {isa = PBXFileReference; lastKnownFileType = sourcecode.c.h; path = AppDelegate.h; sourceTree = "<group>"; };
		D688229C20584E15003A6D22 /* AppDelegate.m */ = {isa = PBXFileReference; lastKnownFileType = sourcecode.c.objc; path = AppDelegate.m; sourceTree = "<group>"; };
		D688229F20584E15003A6D22 /* main.m */ = {isa = PBXFileReference; lastKnownFileType = sourcecode.c.objc; path = main.m; sourceTree = "<group>"; };
		D68822A120584E15003A6D22 /* ViewController.h */ = {isa = PBXFileReference; lastKnownFileType = sourcecode.c.h; path = ViewController.h; sourceTree = "<group>"; };
		D68822A220584E15003A6D22 /* ViewController.m */ = {isa = PBXFileReference; lastKnownFileType = sourcecode.c.objc; path = ViewController.m; sourceTree = "<group>"; };
		D68822A420584E15003A6D22 /* Assets.xcassets */ = {isa = PBXFileReference; lastKnownFileType = folder.assetcatalog; path = Assets.xcassets; sourceTree = "<group>"; };
		D68822A720584E15003A6D22 /* Base */ = {isa = PBXFileReference; lastKnownFileType = file.storyboard; name = Base; path = Base.lproj/Main.storyboard; sourceTree = "<group>"; };
		D68822A920584E15003A6D22 /* Info.plist */ = {isa = PBXFileReference; lastKnownFileType = text.plist.xml; path = Info.plist; sourceTree = "<group>"; };
/* End PBXFileReference section */

/* Begin PBXFrameworksBuildPhase section */
		D688229520584E15003A6D22 /* Frameworks */ = {
			isa = PBXFrameworksBuildPhase;
			buildActionMask = 2147483647;
			files = (
			);
			runOnlyForDeploymentPostprocessing = 0;
		};
/* End PBXFrameworksBuildPhase section */

/* Begin PBXGroup section */
		D688228F20584E15003A6D22 = {
			isa = PBXGroup;
			children = (
				D688229A20584E15003A6D22 /* Protocol_ass3 */,
				D688229920584E15003A6D22 /* Products */,
			);
			sourceTree = "<group>";
		};
		D688229920584E15003A6D22 /* Products */ = {
			isa = PBXGroup;
			children = (
				D688229820584E15003A6D22 /* Protocol_ass3.app */,
			);
			name = Products;
			sourceTree = "<group>";
		};
		D688229A20584E15003A6D22 /* Protocol_ass3 */ = {
			isa = PBXGroup;
			children = (
				D688229B20584E15003A6D22 /* AppDelegate.h */,
				D688229C20584E15003A6D22 /* AppDelegate.m */,
				D68822A120584E15003A6D22 /* ViewController.h */,
				D68822A220584E15003A6D22 /* ViewController.m */,
				D68822A420584E15003A6D22 /* Assets.xcassets */,
				D68822A620584E15003A6D22 /* Main.storyboard */,
				D68822A920584E15003A6D22 /* Info.plist */,
				D688229E20584E15003A6D22 /* Supporting Files */,
			);
			path = Protocol_ass3;
			sourceTree = "<group>";
		};
		D688229E20584E15003A6D22 /* Supporting Files */ = {
			isa = PBXGroup;
			children = (
				D688229F20584E15003A6D22 /* main.m */,
			);
			name = "Supporting Files";
			sourceTree = "<group>";
		};
/* End PBXGroup section */

/* Begin PBXNativeTarget section */
		D688229720584E15003A6D22 /* Protocol_ass3 */ = {
			isa = PBXNativeTarget;
			buildConfigurationList = D68822AC20584E15003A6D22 /* Build configuration list for PBXNativeTarget "Protocol_ass3" */;
			buildPhases = (
				D688229420584E15003A6D22 /* Sources */,
				D688229520584E15003A6D22 /* Frameworks */,
				D688229620584E15003A6D22 /* Resources */,
			);
			buildRules = (
			);
			dependencies = (
			);
			name = Protocol_ass3;
			productName = Protocol_ass3;
			productReference = D688229820584E15003A6D22 /* Protocol_ass3.app */;
			productType = "com.apple.product-type.application";
		};
/* End PBXNativeTarget section */

/* Begin PBXProject section */
		D688229020584E15003A6D22 /* Project object */ = {
			isa = PBXProject;
			attributes = {
				LastUpgradeCheck = 0830;
				ORGANIZATIONNAME = azzaz;
				TargetAttributes = {
					D688229720584E15003A6D22 = {
						CreatedOnToolsVersion = 8.3.3;
						ProvisioningStyle = Automatic;
					};
				};
			};
			buildConfigurationList = D688229320584E15003A6D22 /* Build configuration list for PBXProject "Protocol_ass3" */;
			compatibilityVersion = "Xcode 3.2";
			developmentRegion = English;
			hasScannedForEncodings = 0;
			knownRegions = (
				en,
				Base,
			);
			mainGroup = D688228F20584E15003A6D22;
			productRefGroup = D688229920584E15003A6D22 /* Products */;
			projectDirPath = "";
			projectRoot = "";
			targets = (
				D688229720584E15003A6D22 /* Protocol_ass3 */,
			);
		};
/* End PBXProject section */

/* Begin PBXResourcesBuildPhase section */
		D688229620584E15003A6D22 /* Resources */ = {
			isa = PBXResourcesBuildPhase;
			buildActionMask = 2147483647;
			files = (
				D68822A520584E15003A6D22 /* Assets.xcassets in Resources */,
				D68822A820584E15003A6D22 /* Main.storyboard in Resources */,
			);
			runOnlyForDeploymentPostprocessing = 0;
		};
/* End PBXResourcesBuildPhase section */

/* Begin PBXSourcesBuildPhase section */
		D688229420584E15003A6D22 /* Sources */ = {
			isa = PBXSourcesBuildPhase;
			buildActionMask = 2147483647;
			files = (
				D68822A320584E15003A6D22 /* ViewController.m in Sources */,
				D68822A020584E15003A6D22 /* main.m in Sources */,
				D688229D20584E15003A6D22 /* AppDelegate.m in Sources */,
			);
			runOnlyForDeploymentPostprocessing = 0;
		};
/* End PBXSourcesBuildPhase section */

/* Begin PBXVariantGroup section */
		D68822A620584E15003A6D22 /* Main.storyboard */ = {
			isa = PBXVariantGroup;
			children = (
				D68822A720584E15003A6D22 /* Base */,
			);
			name = Main.storyboard;
			sourceTree = "<group>";
		};
/* End PBXVariantGroup section */

/* Begin XCBuildConfiguration section */
		D68822AA20584E15003A6D22 /* Debug */ = {
			isa = XCBuildConfiguration;
			buildSettings = {
				ALWAYS_SEARCH_USER_PATHS = NO;
				CLANG_ANALYZER_NONNULL = YES;
				CLANG_ANALYZER_NUMBER_OBJECT_CONVERSION = YES_AGGRESSIVE;
				CLANG_CXX_LANGUAGE_STANDARD = "gnu++0x";
				CLANG_CXX_LIBRARY = "libc++";
				CLANG_ENABLE_MODULES = YES;
				CLANG_ENABLE_OBJC_ARC = YES;
				CLANG_WARN_BOOL_CONVERSION = YES;
				CLANG_WARN_CONSTANT_CONVERSION = YES;
				CLANG_WARN_DIRECT_OBJC_ISA_USAGE = YES_ERROR;
				CLANG_WARN_DOCUMENTATION_COMMENTS = YES;
				CLANG_WARN_EMPTY_BODY = YES;
				CLANG_WARN_ENUM_CONVERSION = YES;
				CLANG_WARN_INFINITE_RECURSION = YES;
				CLANG_WARN_INT_CONVERSION = YES;
				CLANG_WARN_OBJC_ROOT_CLASS = YES_ERROR;
				CLANG_WARN_SUSPICIOUS_MOVE = YES;
				CLANG_WARN_UNREACHABLE_CODE = YES;
				CLANG_WARN__DUPLICATE_METHOD_MATCH = YES;
				CODE_SIGN_IDENTITY = "-";
				COPY_PHASE_STRIP = NO;
				DEBUG_INFORMATION_FORMAT = dwarf;
				ENABLE_STRICT_OBJC_MSGSEND = YES;
				ENABLE_TESTABILITY = YES;
				GCC_C_LANGUAGE_STANDARD = gnu99;
				GCC_DYNAMIC_NO_PIC = NO;
				GCC_NO_COMMON_BLOCKS = YES;
				GCC_OPTIMIZATION_LEVEL = 0;
				GCC_PREPROCESSOR_DEFINITIONS = (
					"DEBUG=1",
					"$(inherited)",
				);
				GCC_WARN_64_TO_32_BIT_CONVERSION = YES;
				GCC_WARN_ABOUT_RETURN_TYPE = YES_ERROR;
				GCC_WARN_UNDECLARED_SELECTOR = YES;
				GCC_WARN_UNINITIALIZED_AUTOS = YES_AGGRESSIVE;
				GCC_WARN_UNUSED_FUNCTION = YES;
				GCC_WARN_UNUSED_VARIABLE = YES;
				MACOSX_DEPLOYMENT_TARGET = 10.12;
				MTL_ENABLE_DEBUG_INFO = YES;
				ONLY_ACTIVE_ARCH = YES;
				SDKROOT = macosx;
			};
			name = Debug;
		};
		D68822AB20584E15003A6D22 /* Release */ = {
			isa = XCBuildConfiguration;
			buildSettings = {
				ALWAYS_SEARCH_USER_PATHS = NO;
				CLANG_ANALYZER_NONNULL = YES;
				CLANG_ANALYZER_NUMBER_OBJECT_CONVERSION = YES_AGGRESSIVE;
				CLANG_CXX_LANGUAGE_STANDARD = "gnu++0x";
				CLANG_CXX_LIBRARY = "libc++";
				CLANG_ENABLE_MODULES = YES;
				CLANG_ENABLE_OBJC_ARC = YES;
				CLANG_WARN_BOOL_CONVERSION = YES;
				CLANG_WARN_CONSTANT_CONVERSION = YES;
				CLANG_WARN_DIRECT_OBJC_ISA_USAGE = YES_ERROR;
				CLANG_WARN_DOCUMENTATION_COMMENTS = YES;
				CLANG_WARN_EMPTY_BODY = YES;
				CLANG_WARN_ENUM_CONVERSION = YES;
				CLANG_WARN_INFINITE_RECURSION = YES;
				CLANG_WARN_INT_CONVERSION = YES;
				CLANG_WARN_OBJC_ROOT_CLASS = YES_ERROR;
				CLANG_WARN_SUSPICIOUS_MOVE = YES;
				CLANG_WARN_UNREACHABLE_CODE = YES;
				CLANG_WARN__DUPLICATE_METHOD_MATCH = YES;
				CODE_SIGN_IDENTITY = "-";
				COPY_PHASE_STRIP = NO;
				DEBUG_INFORMATION_FORMAT = "dwarf-with-dsym";
				ENABLE_NS_ASSERTIONS = NO;
				ENABLE_STRICT_OBJC_MSGSEND = YES;
				GCC_C_LANGUAGE_STANDARD = gnu99;
				GCC_NO_COMMON_BLOCKS = YES;
				GCC_WARN_64_TO_32_BIT_CONVERSION = YES;
				GCC_WARN_ABOUT_RETURN_TYPE = YES_ERROR;
				GCC_WARN_UNDECLARED_SELECTOR = YES;
				GCC_WARN_UNINITIALIZED_AUTOS = YES_AGGRESSIVE;
				GCC_WARN_UNUSED_FUNCTION = YES;
				GCC_WARN_UNUSED_VARIABLE = YES;
				MACOSX_DEPLOYMENT_TARGET = 10.12;
				MTL_ENABLE_DEBUG_INFO = NO;
				SDKROOT = macosx;
			};
			name = Release;
		};
		D68822AD20584E15003A6D22 /* Debug */ = {
			isa = XCBuildConfiguration;
			buildSettings = {
				ASSETCATALOG_COMPILER_APPICON_NAME = AppIcon;
				COMBINE_HIDPI_IMAGES = YES;
				INFOPLIST_FILE = Protocol_ass3/Info.plist;
				LD_RUNPATH_SEARCH_PATHS = "$(inherited) @executable_path/../Frameworks";
				PRODUCT_BUNDLE_IDENTIFIER = "Apple.Protocol-ass3";
				PRODUCT_NAME = "$(TARGET_NAME)";
			};
			name = Debug;
		};
		D68822AE20584E15003A6D22 /* Release */ = {
			isa = XCBuildConfiguration;
			buildSettings = {
				ASSETCATALOG_COMPILER_APPICON_NAME = AppIcon;
				COMBINE_HIDPI_IMAGES = YES;
				INFOPLIST_FILE = Protocol_ass3/Info.plist;
				LD_RUNPATH_SEARCH_PATHS = "$(inherited) @executable_path/../Frameworks";
				PRODUCT_BUNDLE_IDENTIFIER = "Apple.Protocol-ass3";
				PRODUCT_NAME = "$(TARGET_NAME)";
			};
			name = Release;
		};
/* End XCBuildConfiguration section */

/* Begin XCConfigurationList section */
		D688229320584E15003A6D22 /* Build configuration list for PBXProject "Protocol_ass3" */ = {
			isa = XCConfigurationList;
			buildConfigurations = (
				D68822AA20584E15003A6D22 /* Debug */,
				D68822AB20584E15003A6D22 /* Release */,
			);
			defaultConfigurationIsVisible = 0;
			defaultConfigurationName = Release;
		};
		D68822AC20584E15003A6D22 /* Build configuration list for PBXNativeTarget "Protocol_ass3" */ = {
			isa = XCConfigurationList;
			buildConfigurations = (
				D68822AD20584E15003A6D22 /* Debug */,
				D68822AE20584E15003A6D22 /* Release */,
			);
			defaultConfigurationIsVisible = 0;
		};
/* End XCConfigurationList section */
	};
	rootObject = D688229020584E15003A6D22 /* Project object */;
}
